
Microsoft Visual Studio Solution File, Format Version 12.00
# Visual Studio Version 16
VisualStudioVersion = 16.0.31729.503
MinimumVisualStudioVersion = 10.0.40219.1
Project("{FAE04EC0-301F-11D3-BF4B-00C04F79EFBC}") = "Breakfast", "Breakfast\Breakfast.csproj", "{9EA7BB23-887F-402A-8989-B38965A9A8A2}"
EndProject
Global
	GlobalSection(SolutionConfigurationPlatforms) = preSolution
		Debug|Any CPU = Debug|Any CPU
		Release|Any CPU = Release|Any CPU
	EndGlobalSection
	GlobalSection(ProjectConfigurationPlatforms) = postSolution
		{9EA7BB23-887F-402A-8989-B38965A9A8A2}.Debug|Any CPU.ActiveCfg = Debug|Any CPU
		{9EA7BB23-887F-402A-8989-B38965A9A8A2}.Debug|Any CPU.Build.0 = Debug|Any CPU
		{9EA7BB23-887F-402A-8989-B38965A9A8A2}.Release|Any CPU.ActiveCfg = Release|Any CPU
		{9EA7BB23-887F-402A-8989-B38965A9A8A2}.Release|Any CPU.Build.0 = Release|Any CPU
	EndGlobalSection
	GlobalSection(SolutionProperties) = preSolution
		HideSolutionNode = FALSE
	EndGlobalSection
	GlobalSection(ExtensibilityGlobals) = postSolution
		SolutionGuid = {96E44A49-A19A-4AD5-8B86-BFAE3DC1456D}
	EndGlobalSection
EndGlobal
